// !$*UTF8*$!
{
	archiveVersion = 1;
	classes = {
	};
	objectVersion = 77;
	objects = {

/* Begin PBXBuildFile section */
		24C8EAADD27AE8E637BB15CF /* catalog.json in Resources */ = {isa = PBXBuildFile; fileRef = D8EFEA8F598513230A4CD144 /* catalog.json */; };
		34D87544ABD4146139644BC2 /* FangguUITests.swift in Sources */ = {isa = PBXBuildFile; fileRef = EBA07A3A66551D2FDC02E96B /* FangguUITests.swift */; };
		446081072BE3002D27313AC8 /* Artwork in Resources */ = {isa = PBXBuildFile; fileRef = 132DEA14D9216B3216E55681 /* Artwork */; };
		645323A38BAA24C69AE53B94 /* FangguApp.swift in Sources */ = {isa = PBXBuildFile; fileRef = 7F2E3B4610C6D7B304A97666 /* FangguApp.swift */; };
		6455D8FF1495301B0E8144D4 /* MonumentDetailView.swift in Sources */ = {isa = PBXBuildFile; fileRef = 1309585BD62519DE9D56DDB6 /* MonumentDetailView.swift */; };
		73CE79656BA0B4D8631D244B /* ContentView.swift in Sources */ = {isa = PBXBuildFile; fileRef = AB14485AADE6D55976CAAD1E /* ContentView.swift */; };
		94319EB3331BA8802B670F1C /* MyLibraryView.swift in Sources */ = {isa = PBXBuildFile; fileRef = 7B840132592E220716D66BF0 /* MyLibraryView.swift */; };
		983CB5B041412B7DA4962914 /* Models.swift in Sources */ = {isa = PBXBuildFile; fileRef = F4CED4570A3CEC1B630EC8FE /* Models.swift */; };
		9F5D03D4348614A0EB306ECE /* LibraryStore.swift in Sources */ = {isa = PBXBuildFile; fileRef = D3CF374889E2EDF3D90F94A8 /* LibraryStore.swift */; };
		FA2A0A61C9467DA89AD307D3 /* Assets.xcassets in Resources */ = {isa = PBXBuildFile; fileRef = 00D999620921C3D1C50404A5 /* Assets.xcassets */; };
/* End PBXBuildFile section */

/* Begin PBXContainerItemProxy section */
		517970DEBA62E4A81E97F8B6 /* PBXContainerItemProxy */ = {
			isa = PBXContainerItemProxy;
			containerPortal = CA34FF9D8747DC9F1CFDD425 /* Project object */;
			proxyType = 1;
			remoteGlobalIDString = 06081E4CE8AA60BF41B9BFEB;
			remoteInfo = Fanggu;
		};
/* End PBXContainerItemProxy section */

/* Begin PBXFileReference section */
		00D999620921C3D1C50404A5 /* Assets.xcassets */ = {isa = PBXFileReference; lastKnownFileType = folder.assetcatalog; path = Assets.xcassets; sourceTree = "<group>"; };
		1309585BD62519DE9D56DDB6 /* MonumentDetailView.swift */ = {isa = PBXFileReference; lastKnownFileType = sourcecode.swift; path = MonumentDetailView.swift; sourceTree = "<group>"; };
		132DEA14D9216B3216E55681 /* Artwork */ = {isa = PBXFileReference; lastKnownFileType = folder; name = Artwork; path = Fanggu/Resources/Artwork; sourceTree = SOURCE_ROOT; };
		6CC9E9CD88419345D7E3F30F /* Fanggu.app */ = {isa = PBXFileReference; includeInIndex = 0; lastKnownFileType = wrapper.application; path = Fanggu.app; sourceTree = BUILT_PRODUCTS_DIR; };
		7B840132592E220716D66BF0 /* MyLibraryView.swift */ = {isa = PBXFileReference; lastKnownFileType = sourcecode.swift; path = MyLibraryView.swift; sourceTree = "<group>"; };
		7F2E3B4610C6D7B304A97666 /* FangguApp.swift */ = {isa = PBXFileReference; lastKnownFileType = sourcecode.swift; path = FangguApp.swift; sourceTree = "<group>"; };
		AB14485AADE6D55976CAAD1E /* ContentView.swift */ = {isa = PBXFileReference; lastKnownFileType = sourcecode.swift; path = ContentView.swift; sourceTree = "<group>"; };
		BAC4414AA8D68FF24A96E42E /* FangguUITests.xctest */ = {isa = PBXFileReference; includeInIndex = 0; lastKnownFileType = wrapper.cfbundle; path = FangguUITests.xctest; sourceTree = BUILT_PRODUCTS_DIR; };
		D3CF374889E2EDF3D90F94A8 /* LibraryStore.swift */ = {isa = PBXFileReference; lastKnownFileType = sourcecode.swift; path = LibraryStore.swift; sourceTree = "<group>"; };
		D8EFEA8F598513230A4CD144 /* catalog.json */ = {isa = PBXFileReference; lastKnownFileType = text.json; path = catalog.json; sourceTree = "<group>"; };
		EBA07A3A66551D2FDC02E96B /* FangguUITests.swift */ = {isa = PBXFileReference; lastKnownFileType = sourcecode.swift; path = FangguUITests.swift; sourceTree = "<group>"; };
		F4CED4570A3CEC1B630EC8FE /* Models.swift */ = {isa = PBXFileReference; lastKnownFileType = sourcecode.swift; path = Models.swift; sourceTree = "<group>"; };
/* End PBXFileReference section */

/* Begin PBXGroup section */
		66F6F31F34EDB6CEDFBCFA2F /* Products */ = {
			isa = PBXGroup;
			children = (
				6CC9E9CD88419345D7E3F30F /* Fanggu.app */,
				BAC4414AA8D68FF24A96E42E /* FangguUITests.xctest */,
			);
			name = Products;
			sourceTree = "<group>";
		};
		98283013C436311D77CB2A42 = {
			isa = PBXGroup;
			children = (
				132DEA14D9216B3216E55681 /* Artwork */,
				B3CC4BEF1D640CD117219032 /* Fanggu */,
				E91877224BDDEF77003A81DA /* FangguUITests */,
				66F6F31F34EDB6CEDFBCFA2F /* Products */,
			);
			sourceTree = "<group>";
		};
		9BE18DA2E8D25129B6858F58 /* Resources */ = {
			isa = PBXGroup;
			children = (
				D8EFEA8F598513230A4CD144 /* catalog.json */,
			);
			path = Resources;
			sourceTree = "<group>";
		};
		B3CC4BEF1D640CD117219032 /* Fanggu */ = {
			isa = PBXGroup;
			children = (
				00D999620921C3D1C50404A5 /* Assets.xcassets */,
				AB14485AADE6D55976CAAD1E /* ContentView.swift */,
				7F2E3B4610C6D7B304A97666 /* FangguApp.swift */,
				D3CF374889E2EDF3D90F94A8 /* LibraryStore.swift */,
				F4CED4570A3CEC1B630EC8FE /* Models.swift */,
				1309585BD62519DE9D56DDB6 /* MonumentDetailView.swift */,
				7B840132592E220716D66BF0 /* MyLibraryView.swift */,
				9BE18DA2E8D25129B6858F58 /* Resources */,
			);
			path = Fanggu;
			sourceTree = "<group>";
		};
		E91877224BDDEF77003A81DA /* FangguUITests */ = {
			isa = PBXGroup;
			children = (
				EBA07A3A66551D2FDC02E96B /* FangguUITests.swift */,
			);
			path = FangguUITests;
			sourceTree = "<group>";
		};
/* End PBXGroup section */

/* Begin PBXNativeTarget section */
		06081E4CE8AA60BF41B9BFEB /* Fanggu */ = {
			isa = PBXNativeTarget;
			buildConfigurationList = 48F6D041F74750204983381F /* Build configuration list for PBXNativeTarget "Fanggu" */;
			buildPhases = (
				6E60BA3E8144751A23C0F957 /* Sources */,
				932F06503DA2638151FC91B1 /* Resources */,
			);
			buildRules = (
			);
			dependencies = (
			);
			name = Fanggu;
			packageProductDependencies = (
			);
			productName = Fanggu;
			productReference = 6CC9E9CD88419345D7E3F30F /* Fanggu.app */;
			productType = "com.apple.product-type.application";
		};
		08BA9CF70BEA200E7BE96F48 /* FangguUITests */ = {
			isa = PBXNativeTarget;
			buildConfigurationList = 061A9A1CD650956A2E2EAAEE /* Build configuration list for PBXNativeTarget "FangguUITests" */;
			buildPhases = (
				6EF5074D4911A3A3314F2AC7 /* Sources */,
			);
			buildRules = (
			);
			dependencies = (
				B945C3AD006DBAAB0E9F25F8 /* PBXTargetDependency */,
			);
			name = FangguUITests;
			packageProductDependencies = (
			);
			productName = FangguUITests;
			productReference = BAC4414AA8D68FF24A96E42E /* FangguUITests.xctest */;
			productType = "com.apple.product-type.bundle.ui-testing";
		};
/* End PBXNativeTarget section */

/* Begin PBXProject section */
		CA34FF9D8747DC9F1CFDD425 /* Project object */ = {
			isa = PBXProject;
			attributes = {
				BuildIndependentTargetsInParallel = YES;
				LastUpgradeCheck = 1430;
				TargetAttributes = {
					08BA9CF70BEA200E7BE96F48 = {
						TestTargetID = 06081E4CE8AA60BF41B9BFEB;
					};
				};
			};
			buildConfigurationList = 795FC5A0E9475B5D23C3B298 /* Build configuration list for PBXProject "Fanggu" */;
			developmentRegion = en;
			hasScannedForEncodings = 0;
			knownRegions = (
				Base,
				en,
			);
			mainGroup = 98283013C436311D77CB2A42;
			minimizedProjectReferenceProxies = 1;
			preferredProjectObjectVersion = 77;
			productRefGroup = 66F6F31F34EDB6CEDFBCFA2F /* Products */;
			projectDirPath = "";
			projectRoot = "";
			targets = (
				06081E4CE8AA60BF41B9BFEB /* Fanggu */,
				08BA9CF70BEA200E7BE96F48 /* FangguUITests */,
			);
		};
/* End PBXProject section */

/* Begin PBXResourcesBuildPhase section */
		932F06503DA2638151FC91B1 /* Resources */ = {
			isa = PBXResourcesBuildPhase;
			buildActionMask = 2147483647;
			files = (
				446081072BE3002D27313AC8 /* Artwork in Resources */,
				FA2A0A61C9467DA89AD307D3 /* Assets.xcassets in Resources */,
				24C8EAADD27AE8E637BB15CF /* catalog.json in Resources */,
			);
			runOnlyForDeploymentPostprocessing = 0;
		};
/* End PBXResourcesBuildPhase section */

/* Begin PBXSourcesBuildPhase section */
		6E60BA3E8144751A23C0F957 /* Sources */ = {
			isa = PBXSourcesBuildPhase;
			buildActionMask = 2147483647;
			files = (
				73CE79656BA0B4D8631D244B /* ContentView.swift in Sources */,
				645323A38BAA24C69AE53B94 /* FangguApp.swift in Sources */,
				9F5D03D4348614A0EB306ECE /* LibraryStore.swift in Sources */,
				983CB5B041412B7DA4962914 /* Models.swift in Sources */,
				6455D8FF1495301B0E8144D4 /* MonumentDetailView.swift in Sources */,
				94319EB3331BA8802B670F1C /* MyLibraryView.swift in Sources */,
			);
			runOnlyForDeploymentPostprocessing = 0;
		};
		6EF5074D4911A3A3314F2AC7 /* Sources */ = {
			isa = PBXSourcesBuildPhase;
			buildActionMask = 2147483647;
			files = (
				34D87544ABD4146139644BC2 /* FangguUITests.swift in Sources */,
			);
			runOnlyForDeploymentPostprocessing = 0;
		};
/* End PBXSourcesBuildPhase section */

/* Begin PBXTargetDependency section */
		B945C3AD006DBAAB0E9F25F8 /* PBXTargetDependency */ = {
			isa = PBXTargetDependency;
			target = 06081E4CE8AA60BF41B9BFEB /* Fanggu */;
			targetProxy = 517970DEBA62E4A81E97F8B6 /* PBXContainerItemProxy */;
		};
/* End PBXTargetDependency section */

/* Begin XCBuildConfiguration section */
		0D8BA773703DC02DE0115E24 /* Release */ = {
			isa = XCBuildConfiguration;
			buildSettings = {
				ASSETCATALOG_COMPILER_APPICON_NAME = AppIcon;
				CODE_SIGN_IDENTITY = "iPhone Developer";
				GENERATE_INFOPLIST_FILE = YES;
				INFOPLIST_KEY_CFBundleDisplayName = "访古";
				INFOPLIST_KEY_LSApplicationCategoryType = "public.app-category.travel";
				INFOPLIST_KEY_UIApplicationSceneManifest_Generation = YES;
				INFOPLIST_KEY_UILaunchScreen_Generation = YES;
				LD_RUNPATH_SEARCH_PATHS = (
					"$(inherited)",
					"@executable_path/Frameworks",
				);
				PRODUCT_BUNDLE_IDENTIFIER = com.fanggu.app;
				SDKROOT = iphoneos;
				SUPPORTS_MACCATALYST = NO;
				SWIFT_VERSION = 5.0;
				TARGETED_DEVICE_FAMILY = "1,2";
			};
			name = Release;
		};
		7795742E6AD7A63BB91E670A /* Release */ = {
			isa = XCBuildConfiguration;
			buildSettings = {
				ALWAYS_SEARCH_USER_PATHS = NO;
				CLANG_ANALYZER_NONNULL = YES;
				CLANG_ANALYZER_NUMBER_OBJECT_CONVERSION = YES_AGGRESSIVE;
				CLANG_CXX_LANGUAGE_STANDARD = "gnu++14";
				CLANG_CXX_LIBRARY = "libc++";
				CLANG_ENABLE_MODULES = YES;
				CLANG_ENABLE_OBJC_ARC = YES;
				CLANG_ENABLE_OBJC_WEAK = YES;
				CLANG_WARN_BLOCK_CAPTURE_AUTORELEASING = YES;
				CLANG_WARN_BOOL_CONVERSION = YES;
				CLANG_WARN_COMMA = YES;
				CLANG_WARN_CONSTANT_CONVERSION = YES;
				CLANG_WARN_DEPRECATED_OBJC_IMPLEMENTATIONS = YES;
				CLANG_WARN_DIRECT_OBJC_ISA_USAGE = YES_ERROR;
				CLANG_WARN_DOCUMENTATION_COMMENTS = YES;
				CLANG_WARN_EMPTY_BODY = YES;
				CLANG_WARN_ENUM_CONVERSION = YES;
				CLANG_WARN_INFINITE_RECURSION = YES;
				CLANG_WARN_INT_CONVERSION = YES;
				CLANG_WARN_NON_LITERAL_NULL_CONVERSION = YES;
				CLANG_WARN_OBJC_IMPLICIT_RETAIN_SELF = YES;
				CLANG_WARN_OBJC_LITERAL_CONVERSION = YES;
				CLANG_WARN_OBJC_ROOT_CLASS = YES_ERROR;
				CLANG_WARN_QUOTED_INCLUDE_IN_FRAMEWORK_HEADER = YES;
				CLANG_WARN_RANGE_LOOP_ANALYSIS = YES;
				CLANG_WARN_STRICT_PROTOTYPES = YES;
				CLANG_WARN_SUSPICIOUS_MOVE = YES;
				CLANG_WARN_UNGUARDED_AVAILABILITY = YES_AGGRESSIVE;
				CLANG_WARN_UNREACHABLE_CODE = YES;
				CLANG_WARN__DUPLICATE_METHOD_MATCH = YES;
				COPY_PHASE_STRIP = NO;
				DEBUG_INFORMATION_FORMAT = "dwarf-with-dsym";
				ENABLE_NS_ASSERTIONS = NO;
				ENABLE_STRICT_OBJC_MSGSEND = YES;
				GCC_C_LANGUAGE_STANDARD = gnu11;
				GCC_NO_COMMON_BLOCKS = YES;
				GCC_WARN_64_TO_32_BIT_CONVERSION = YES;
				GCC_WARN_ABOUT_RETURN_TYPE = YES_ERROR;
				GCC_WARN_UNDECLARED_SELECTOR = YES;
				GCC_WARN_UNINITIALIZED_AUTOS = YES_AGGRESSIVE;
				GCC_WARN_UNUSED_FUNCTION = YES;
				GCC_WARN_UNUSED_VARIABLE = YES;
				IPHONEOS_DEPLOYMENT_TARGET = 18.0;
				MTL_ENABLE_DEBUG_INFO = NO;
				MTL_FAST_MATH = YES;
				PRODUCT_NAME = "$(TARGET_NAME)";
				SDKROOT = iphoneos;
				SWIFT_COMPILATION_MODE = wholemodule;
				SWIFT_OPTIMIZATION_LEVEL = "-O";
				SWIFT_VERSION = 5.0;
			};
			name = Release;
		};
		78BA4B4666ACF31F05533144 /* Debug */ = {
			isa = XCBuildConfiguration;
			buildSettings = {
				BUNDLE_LOADER = "$(TEST_HOST)";
				LD_RUNPATH_SEARCH_PATHS = (
					"$(inherited)",
					"@executable_path/Frameworks",
					"@loader_path/Frameworks",
				);
				PRODUCT_BUNDLE_IDENTIFIER = com.fanggu.app.uitests;
				SDKROOT = iphoneos;
				SWIFT_VERSION = 5.0;
				TARGETED_DEVICE_FAMILY = "1,2";
				TEST_TARGET_NAME = Fanggu;
			};
			name = Debug;
		};
		BAA59C4774A2E3E18AF4BFE1 /* Release */ = {
			isa = XCBuildConfiguration;
			buildSettings = {
				BUNDLE_LOADER = "$(TEST_HOST)";
				LD_RUNPATH_SEARCH_PATHS = (
					"$(inherited)",
					"@executable_path/Frameworks",
					"@loader_path/Frameworks",
				);
				PRODUCT_BUNDLE_IDENTIFIER = com.fanggu.app.uitests;
				SDKROOT = iphoneos;
				SWIFT_VERSION = 5.0;
				TARGETED_DEVICE_FAMILY = "1,2";
				TEST_TARGET_NAME = Fanggu;
			};
			name = Release;
		};
		D5DA4B7A0E50A7B487DFEABA /* Debug */ = {
			isa = XCBuildConfiguration;
			buildSettings = {
				ALWAYS_SEARCH_USER_PATHS = NO;
				CLANG_ANALYZER_NONNULL = YES;
				CLANG_ANALYZER_NUMBER_OBJECT_CONVERSION = YES_AGGRESSIVE;
				CLANG_CXX_LANGUAGE_STANDARD = "gnu++14";
				CLANG_CXX_LIBRARY = "libc++";
				CLANG_ENABLE_MODULES = YES;
				CLANG_ENABLE_OBJC_ARC = YES;
				CLANG_ENABLE_OBJC_WEAK = YES;
				CLANG_WARN_BLOCK_CAPTURE_AUTORELEASING = YES;
				CLANG_WARN_BOOL_CONVERSION = YES;
				CLANG_WARN_COMMA = YES;
				CLANG_WARN_CONSTANT_CONVERSION = YES;
				CLANG_WARN_DEPRECATED_OBJC_IMPLEMENTATIONS = YES;
				CLANG_WARN_DIRECT_OBJC_ISA_USAGE = YES_ERROR;
				CLANG_WARN_DOCUMENTATION_COMMENTS = YES;
				CLANG_WARN_EMPTY_BODY = YES;
				CLANG_WARN_ENUM_CONVERSION = YES;
				CLANG_WARN_INFINITE_RECURSION = YES;
				CLANG_WARN_INT_CONVERSION = YES;
				CLANG_WARN_NON_LITERAL_NULL_CONVERSION = YES;
				CLANG_WARN_OBJC_IMPLICIT_RETAIN_SELF = YES;
				CLANG_WARN_OBJC_LITERAL_CONVERSION = YES;
				CLANG_WARN_OBJC_ROOT_CLASS = YES_ERROR;
				CLANG_WARN_QUOTED_INCLUDE_IN_FRAMEWORK_HEADER = YES;
				CLANG_WARN_RANGE_LOOP_ANALYSIS = YES;
				CLANG_WARN_STRICT_PROTOTYPES = YES;
				CLANG_WARN_SUSPICIOUS_MOVE = YES;
				CLANG_WARN_UNGUARDED_AVAILABILITY = YES_AGGRESSIVE;
				CLANG_WARN_UNREACHABLE_CODE = YES;
				CLANG_WARN__DUPLICATE_METHOD_MATCH = YES;
				COPY_PHASE_STRIP = NO;
				DEBUG_INFORMATION_FORMAT = dwarf;
				ENABLE_STRICT_OBJC_MSGSEND = YES;
				ENABLE_TESTABILITY = YES;
				GCC_C_LANGUAGE_STANDARD = gnu11;
				GCC_DYNAMIC_NO_PIC = NO;
				GCC_NO_COMMON_BLOCKS = YES;
				GCC_OPTIMIZATION_LEVEL = 0;
				GCC_PREPROCESSOR_DEFINITIONS = (
					"$(inherited)",
					"DEBUG=1",
				);
				GCC_WARN_64_TO_32_BIT_CONVERSION = YES;
				GCC_WARN_ABOUT_RETURN_TYPE = YES_ERROR;
				GCC_WARN_UNDECLARED_SELECTOR = YES;
				GCC_WARN_UNINITIALIZED_AUTOS = YES_AGGRESSIVE;
				GCC_WARN_UNUSED_FUNCTION = YES;
				GCC_WARN_UNUSED_VARIABLE = YES;
				IPHONEOS_DEPLOYMENT_TARGET = 18.0;
				MTL_ENABLE_DEBUG_INFO = INCLUDE_SOURCE;
				MTL_FAST_MATH = YES;
				ONLY_ACTIVE_ARCH = YES;
				PRODUCT_NAME = "$(TARGET_NAME)";
				SDKROOT = iphoneos;
				SWIFT_ACTIVE_COMPILATION_CONDITIONS = DEBUG;
				SWIFT_OPTIMIZATION_LEVEL = "-Onone";
				SWIFT_VERSION = 5.0;
			};
			name = Debug;
		};
		D6198A77EB155413E04D6010 /* Debug */ = {
			isa = XCBuildConfiguration;
			buildSettings = {
				ASSETCATALOG_COMPILER_APPICON_NAME = AppIcon;
				CODE_SIGN_IDENTITY = "iPhone Developer";
				GENERATE_INFOPLIST_FILE = YES;
				INFOPLIST_KEY_CFBundleDisplayName = "访古";
				INFOPLIST_KEY_LSApplicationCategoryType = "public.app-category.travel";
				INFOPLIST_KEY_UIApplicationSceneManifest_Generation = YES;
				INFOPLIST_KEY_UILaunchScreen_Generation = YES;
				LD_RUNPATH_SEARCH_PATHS = (
					"$(inherited)",
					"@executable_path/Frameworks",
				);
				PRODUCT_BUNDLE_IDENTIFIER = com.fanggu.app;
				SDKROOT = iphoneos;
				SUPPORTS_MACCATALYST = NO;
				SWIFT_VERSION = 5.0;
				TARGETED_DEVICE_FAMILY = "1,2";
			};
			name = Debug;
		};
/* End XCBuildConfiguration section */

/* Begin XCConfigurationList section */
		061A9A1CD650956A2E2EAAEE /* Build configuration list for PBXNativeTarget "FangguUITests" */ = {
			isa = XCConfigurationList;
			buildConfigurations = (
				78BA4B4666ACF31F05533144 /* Debug */,
				BAA59C4774A2E3E18AF4BFE1 /* Release */,
			);
			defaultConfigurationIsVisible = 0;
			defaultConfigurationName = Debug;
		};
		48F6D041F74750204983381F /* Build configuration list for PBXNativeTarget "Fanggu" */ = {
			isa = XCConfigurationList;
			buildConfigurations = (
				D6198A77EB155413E04D6010 /* Debug */,
				0D8BA773703DC02DE0115E24 /* Release */,
			);
			defaultConfigurationIsVisible = 0;
			defaultConfigurationName = Debug;
		};
		795FC5A0E9475B5D23C3B298 /* Build configuration list for PBXProject "Fanggu" */ = {
			isa = XCConfigurationList;
			buildConfigurations = (
				D5DA4B7A0E50A7B487DFEABA /* Debug */,
				7795742E6AD7A63BB91E670A /* Release */,
			);
			defaultConfigurationIsVisible = 0;
			defaultConfigurationName = Debug;
		};
/* End XCConfigurationList section */
	};
	rootObject = CA34FF9D8747DC9F1CFDD425 /* Project object */;
}
